
Microsoft Visual Studio Solution File, Format Version 12.00
# Visual Studio Version 17
VisualStudioVersion = 17.5.33414.496
MinimumVisualStudioVersion = 10.0.40219.1
Project("{FAE04EC0-301F-11D3-BF4B-00C04F79EFBC}") = "Task1", "Task1\Task1.csproj", "{31273427-661E-44AD-9B61-786D0949763E}"
EndProject
Project("{FAE04EC0-301F-11D3-BF4B-00C04F79EFBC}") = "Task4", "Task4\Task4.csproj", "{D77A925C-D7A3-430D-ADE1-A1726125EC88}"
EndProject
Global
	GlobalSection(SolutionConfigurationPlatforms) = preSolution
		Debug|Any CPU = Debug|Any CPU
		Release|Any CPU = Release|Any CPU
	EndGlobalSection
	GlobalSection(ProjectConfigurationPlatforms) = postSolution
		{31273427-661E-44AD-9B61-786D0949763E}.Debug|Any CPU.ActiveCfg = Debug|Any CPU
		{31273427-661E-44AD-9B61-786D0949763E}.Debug|Any CPU.Build.0 = Debug|Any CPU
		{31273427-661E-44AD-9B61-786D0949763E}.Release|Any CPU.ActiveCfg = Release|Any CPU
		{31273427-661E-44AD-9B61-786D0949763E}.Release|Any CPU.Build.0 = Release|Any CPU
		{D77A925C-D7A3-430D-ADE1-A1726125EC88}.Debug|Any CPU.ActiveCfg = Debug|Any CPU
		{D77A925C-D7A3-430D-ADE1-A1726125EC88}.Debug|Any CPU.Build.0 = Debug|Any CPU
		{D77A925C-D7A3-430D-ADE1-A1726125EC88}.Release|Any CPU.ActiveCfg = Release|Any CPU
		{D77A925C-D7A3-430D-ADE1-A1726125EC88}.Release|Any CPU.Build.0 = Release|Any CPU
	EndGlobalSection
	GlobalSection(SolutionProperties) = preSolution
		HideSolutionNode = FALSE
	EndGlobalSection
	GlobalSection(ExtensibilityGlobals) = postSolution
		SolutionGuid = {69590DB7-6E62-434E-8EA3-14DD9D8D4AAE}
	EndGlobalSection
EndGlobal
